
Microsoft Visual Studio Solution File, Format Version 12.00
# Visual Studio 2012
Project("{FAE04EC0-301F-11D3-BF4B-00C04F79EFBC}") = "DefendUranus", "DefendUranus\DefendUranus.csproj", "{4DBE2B06-C1FB-4394-B398-E056D97DCDE5}"
EndProject
Project("{2150E333-8FDC-42A3-9474-1A3956D46DE8}") = "Libs", "Libs", "{EB11C04C-EFB2-412E-B18B-2EF361550847}"
EndProject
Project("{FAE04EC0-301F-11D3-BF4B-00C04F79EFBC}") = "MonoGameLib.Core", "..\submodule\monogame-aux-lib\src\MonoGameLib.Core\MonoGameLib.Core.csproj", "{F3B03CFA-5A42-4E94-A0D3-90EC15330B68}"
EndProject
Project("{FAE04EC0-301F-11D3-BF4B-00C04F79EFBC}") = "MonoGameLib.GUI", "..\submodule\monogame-aux-lib\src\MonoGameLib.GUI\MonoGameLib.GUI.csproj", "{F2A64D02-17C0-4E50-91CB-DEAD4DABDBE9}"
EndProject
Project("{FAE04EC0-301F-11D3-BF4B-00C04F79EFBC}") = "MonoGameLib.Tiled", "..\submodule\monogame-aux-lib\src\MonoGameLib.Tiled\MonoGameLib.Tiled.csproj", "{F2C71160-3C00-40DD-AB52-151C9A914570}"
EndProject
Project("{FAE04EC0-301F-11D3-BF4B-00C04F79EFBC}") = "MonoGameLib.Activities", "..\submodule\monogame-aux-lib\src\MonoGameLib.Activities\MonoGameLib.Activities.csproj", "{B63836A7-FC4D-4C6B-86F7-ABEAB15788B3}"
EndProject
Global
	GlobalSection(SolutionConfigurationPlatforms) = preSolution
		Debug|Any CPU = Debug|Any CPU
		Debug-Linux|Any CPU = Debug-Linux|Any CPU
		Release|Any CPU = Release|Any CPU
		Release-Linux|Any CPU = Release-Linux|Any CPU
	EndGlobalSection
	GlobalSection(ProjectConfigurationPlatforms) = postSolution
		{4DBE2B06-C1FB-4394-B398-E056D97DCDE5}.Debug|Any CPU.ActiveCfg = Debug|x86
		{4DBE2B06-C1FB-4394-B398-E056D97DCDE5}.Debug|Any CPU.Build.0 = Debug|x86
		{4DBE2B06-C1FB-4394-B398-E056D97DCDE5}.Debug-Linux|Any CPU.ActiveCfg = Debug-Linux|x86
		{4DBE2B06-C1FB-4394-B398-E056D97DCDE5}.Debug-Linux|Any CPU.Build.0 = Debug-Linux|x86
		{4DBE2B06-C1FB-4394-B398-E056D97DCDE5}.Release|Any CPU.ActiveCfg = Release|x86
		{4DBE2B06-C1FB-4394-B398-E056D97DCDE5}.Release|Any CPU.Build.0 = Release|x86
		{4DBE2B06-C1FB-4394-B398-E056D97DCDE5}.Release-Linux|Any CPU.ActiveCfg = Release-Linux|x86
		{4DBE2B06-C1FB-4394-B398-E056D97DCDE5}.Release-Linux|Any CPU.Build.0 = Release-Linux|x86
		{B63836A7-FC4D-4C6B-86F7-ABEAB15788B3}.Debug|Any CPU.ActiveCfg = Debug|Any CPU
		{B63836A7-FC4D-4C6B-86F7-ABEAB15788B3}.Debug|Any CPU.Build.0 = Debug|Any CPU
		{B63836A7-FC4D-4C6B-86F7-ABEAB15788B3}.Debug-Linux|Any CPU.ActiveCfg = Debug-Linux|Any CPU
		{B63836A7-FC4D-4C6B-86F7-ABEAB15788B3}.Debug-Linux|Any CPU.Build.0 = Debug-Linux|Any CPU
		{B63836A7-FC4D-4C6B-86F7-ABEAB15788B3}.Release|Any CPU.ActiveCfg = Release|Any CPU
		{B63836A7-FC4D-4C6B-86F7-ABEAB15788B3}.Release|Any CPU.Build.0 = Release|Any CPU
		{B63836A7-FC4D-4C6B-86F7-ABEAB15788B3}.Release-Linux|Any CPU.ActiveCfg = Release-Linux|Any CPU
		{B63836A7-FC4D-4C6B-86F7-ABEAB15788B3}.Release-Linux|Any CPU.Build.0 = Release-Linux|Any CPU
		{F2A64D02-17C0-4E50-91CB-DEAD4DABDBE9}.Debug|Any CPU.ActiveCfg = Debug|Any CPU
		{F2A64D02-17C0-4E50-91CB-DEAD4DABDBE9}.Debug|Any CPU.Build.0 = Debug|Any CPU
		{F2A64D02-17C0-4E50-91CB-DEAD4DABDBE9}.Debug-Linux|Any CPU.ActiveCfg = Debug-Linux|Any CPU
		{F2A64D02-17C0-4E50-91CB-DEAD4DABDBE9}.Debug-Linux|Any CPU.Build.0 = Debug-Linux|Any CPU
		{F2A64D02-17C0-4E50-91CB-DEAD4DABDBE9}.Release|Any CPU.ActiveCfg = Release|Any CPU
		{F2A64D02-17C0-4E50-91CB-DEAD4DABDBE9}.Release|Any CPU.Build.0 = Release|Any CPU
		{F2A64D02-17C0-4E50-91CB-DEAD4DABDBE9}.Release-Linux|Any CPU.ActiveCfg = Release-Linux|Any CPU
		{F2A64D02-17C0-4E50-91CB-DEAD4DABDBE9}.Release-Linux|Any CPU.Build.0 = Release-Linux|Any CPU
		{F2C71160-3C00-40DD-AB52-151C9A914570}.Debug|Any CPU.ActiveCfg = Debug|Any CPU
		{F2C71160-3C00-40DD-AB52-151C9A914570}.Debug|Any CPU.Build.0 = Debug|Any CPU
		{F2C71160-3C00-40DD-AB52-151C9A914570}.Debug-Linux|Any CPU.ActiveCfg = Debug-Linux|Any CPU
		{F2C71160-3C00-40DD-AB52-151C9A914570}.Debug-Linux|Any CPU.Build.0 = Debug-Linux|Any CPU
		{F2C71160-3C00-40DD-AB52-151C9A914570}.Release|Any CPU.ActiveCfg = Release|Any CPU
		{F2C71160-3C00-40DD-AB52-151C9A914570}.Release|Any CPU.Build.0 = Release|Any CPU
		{F2C71160-3C00-40DD-AB52-151C9A914570}.Release-Linux|Any CPU.ActiveCfg = Release-Linux|Any CPU
		{F2C71160-3C00-40DD-AB52-151C9A914570}.Release-Linux|Any CPU.Build.0 = Release-Linux|Any CPU
		{F3B03CFA-5A42-4E94-A0D3-90EC15330B68}.Debug|Any CPU.ActiveCfg = Debug|Any CPU
		{F3B03CFA-5A42-4E94-A0D3-90EC15330B68}.Debug|Any CPU.Build.0 = Debug|Any CPU
		{F3B03CFA-5A42-4E94-A0D3-90EC15330B68}.Debug-Linux|Any CPU.ActiveCfg = Debug-Linux|Any CPU
		{F3B03CFA-5A42-4E94-A0D3-90EC15330B68}.Debug-Linux|Any CPU.Build.0 = Debug-Linux|Any CPU
		{F3B03CFA-5A42-4E94-A0D3-90EC15330B68}.Release|Any CPU.ActiveCfg = Release|Any CPU
		{F3B03CFA-5A42-4E94-A0D3-90EC15330B68}.Release|Any CPU.Build.0 = Release|Any CPU
		{F3B03CFA-5A42-4E94-A0D3-90EC15330B68}.Release-Linux|Any CPU.ActiveCfg = Release-Linux|Any CPU
		{F3B03CFA-5A42-4E94-A0D3-90EC15330B68}.Release-Linux|Any CPU.Build.0 = Release-Linux|Any CPU
	EndGlobalSection
	GlobalSection(NestedProjects) = preSolution
		{F3B03CFA-5A42-4E94-A0D3-90EC15330B68} = {EB11C04C-EFB2-412E-B18B-2EF361550847}
		{F2A64D02-17C0-4E50-91CB-DEAD4DABDBE9} = {EB11C04C-EFB2-412E-B18B-2EF361550847}
		{F2C71160-3C00-40DD-AB52-151C9A914570} = {EB11C04C-EFB2-412E-B18B-2EF361550847}
		{B63836A7-FC4D-4C6B-86F7-ABEAB15788B3} = {EB11C04C-EFB2-412E-B18B-2EF361550847}
	EndGlobalSection
	GlobalSection(MonoDevelopProperties) = preSolution
		StartupItem = DefendUranus\DefendUranus.csproj
		Policies = $0
		$0.DotNetNamingPolicy = $1
		$1.DirectoryNamespaceAssociation = None
		$1.ResourceNamePolicy = FileFormatDefault
		$0.TextStylePolicy = $2
		$2.inheritsSet = VisualStudio
		$2.inheritsScope = text/plain
		$2.scope = text/x-csharp
		$0.CSharpFormattingPolicy = $3
		$3.IndentSwitchBody = True
		$3.AnonymousMethodBraceStyle = NextLine
		$3.PropertyBraceStyle = NextLine
		$3.PropertyGetBraceStyle = NextLine
		$3.PropertySetBraceStyle = NextLine
		$3.EventBraceStyle = NextLine
		$3.EventAddBraceStyle = NextLine
		$3.EventRemoveBraceStyle = NextLine
		$3.StatementBraceStyle = NextLine
		$3.ElseNewLinePlacement = NewLine
		$3.CatchNewLinePlacement = NewLine
		$3.FinallyNewLinePlacement = NewLine
		$3.WhileNewLinePlacement = DoNotCare
		$3.ArrayInitializerWrapping = DoNotChange
		$3.ArrayInitializerBraceStyle = NextLine
		$3.BeforeMethodDeclarationParentheses = False
		$3.BeforeMethodCallParentheses = False
		$3.BeforeConstructorDeclarationParentheses = False
		$3.BeforeDelegateDeclarationParentheses = False
		$3.NewParentheses = False
		$3.SpacesBeforeBrackets = False
		$3.inheritsSet = Mono
		$3.inheritsScope = text/x-csharp
		$3.scope = text/x-csharp
	EndGlobalSection
	GlobalSection(SolutionProperties) = preSolution
		HideSolutionNode = FALSE
	EndGlobalSection
EndGlobal
